
Microsoft Visual Studio Solution File, Format Version 12.00
# Visual Studio Version 17
VisualStudioVersion = 17.13.35919.96 d17.13
MinimumVisualStudioVersion = 10.0.40219.1
Project("{FAE04EC0-301F-11D3-BF4B-00C04F79EFBC}") = "uibulbul", "uibulbul\uibulbul.csproj", "{322E46F4-96A9-4D76-9B01-4D32CB11D4B2}"
EndProject
Global
	GlobalSection(SolutionConfigurationPlatforms) = preSolution
		Debug|Any CPU = Debug|Any CPU
		Release|Any CPU = Release|Any CPU
	EndGlobalSection
	GlobalSection(ProjectConfigurationPlatforms) = postSolution
		{322E46F4-96A9-4D76-9B01-4D32CB11D4B2}.Debug|Any CPU.ActiveCfg = Debug|Any CPU
		{322E46F4-96A9-4D76-9B01-4D32CB11D4B2}.Debug|Any CPU.Build.0 = Debug|Any CPU
		{322E46F4-96A9-4D76-9B01-4D32CB11D4B2}.Release|Any CPU.ActiveCfg = Release|Any CPU
		{322E46F4-96A9-4D76-9B01-4D32CB11D4B2}.Release|Any CPU.Build.0 = Release|Any CPU
	EndGlobalSection
	GlobalSection(SolutionProperties) = preSolution
		HideSolutionNode = FALSE
	EndGlobalSection
	GlobalSection(ExtensibilityGlobals) = postSolution
		SolutionGuid = {D818675C-3B77-4C26-BA19-E485E666B6F4}
	EndGlobalSection
EndGlobal
